// !$*UTF8*$!
{
	archiveVersion = 1;
	classes = {
	};
	objectVersion = 48;
	objects = {

/* Begin PBXBuildFile section */
		933F6CD21FA8A06D005B8305 /* Calculator.m in Sources */ = {isa = PBXBuildFile; fileRef = 933F6CD11FA8A06D005B8305 /* Calculator.m */; };
		9352158A1FCD77C400F7E1E3 /* TweetsLoadOperation.m in Sources */ = {isa = PBXBuildFile; fileRef = 935215891FCD77C400F7E1E3 /* TweetsLoadOperation.m */; };
		935664901FB5A1320037F4B3 /* Graphics.storyboard in Resources */ = {isa = PBXBuildFile; fileRef = 9356648F1FB5A1320037F4B3 /* Graphics.storyboard */; };
		9356A0851FBD95C700C4DEDC /* Colors.storyboard in Resources */ = {isa = PBXBuildFile; fileRef = 9356A0841FBD95C600C4DEDC /* Colors.storyboard */; };
		9356A0881FBD9F5400C4DEDC /* GreenViewController.m in Sources */ = {isa = PBXBuildFile; fileRef = 9356A0871FBD9F5400C4DEDC /* GreenViewController.m */; };
		9356A08B1FBD9F9000C4DEDC /* RedViewController.m in Sources */ = {isa = PBXBuildFile; fileRef = 9356A08A1FBD9F9000C4DEDC /* RedViewController.m */; };
		9356A08E1FBD9FA200C4DEDC /* BlueViewController.m in Sources */ = {isa = PBXBuildFile; fileRef = 9356A08D1FBD9FA200C4DEDC /* BlueViewController.m */; };
		9356A09F1FBE04D200C4DEDC /* FlipAnimatorTransitioning.m in Sources */ = {isa = PBXBuildFile; fileRef = 9356A09E1FBE04D200C4DEDC /* FlipAnimatorTransitioning.m */; };
		9356A0A61FBEFF8A00C4DEDC /* Profile.storyboard in Resources */ = {isa = PBXBuildFile; fileRef = 9356A0A51FBEFF8A00C4DEDC /* Profile.storyboard */; };
		9356A0A91FBEFFA100C4DEDC /* AuthController.m in Sources */ = {isa = PBXBuildFile; fileRef = 9356A0A71FBEFFA000C4DEDC /* AuthController.m */; };
		9356A0AF1FBF015C00C4DEDC /* ProfilesDataSource.m in Sources */ = {isa = PBXBuildFile; fileRef = 9356A0AB1FBF015900C4DEDC /* ProfilesDataSource.m */; };
		9356A0B01FBF015C00C4DEDC /* ProfileModel.m in Sources */ = {isa = PBXBuildFile; fileRef = 9356A0AC1FBF015A00C4DEDC /* ProfileModel.m */; };
		9356FBBC1FB5D3FE0028C782 /* HistoryTableViewCell.m in Sources */ = {isa = PBXBuildFile; fileRef = 9356FBBB1FB5D3FE0028C782 /* HistoryTableViewCell.m */; };
		9356FBBF1FB5E7280028C782 /* MainTabBarController.m in Sources */ = {isa = PBXBuildFile; fileRef = 9356FBBE1FB5E7280028C782 /* MainTabBarController.m */; };
		935A08361FC443EB004B0E74 /* Galaxy.storyboard in Resources */ = {isa = PBXBuildFile; fileRef = 935A08351FC443EB004B0E74 /* Galaxy.storyboard */; };
		935A08391FC4442C004B0E74 /* GalaxyViewController.m in Sources */ = {isa = PBXBuildFile; fileRef = 935A08381FC4442C004B0E74 /* GalaxyViewController.m */; };
		935A083D1FC44761004B0E74 /* GalaxyModel.m in Sources */ = {isa = PBXBuildFile; fileRef = 935A083C1FC44761004B0E74 /* GalaxyModel.m */; };
		937F4ED71FBB54D000FFD8E3 /* UIStoryboardSegue+ContentViewController.m in Sources */ = {isa = PBXBuildFile; fileRef = 937F4ED61FBB54D000FFD8E3 /* UIStoryboardSegue+ContentViewController.m */; };
		938872701FB071F300B632EB /* CalculatorHistoryViewController.m in Sources */ = {isa = PBXBuildFile; fileRef = 9388726F1FB071F300B632EB /* CalculatorHistoryViewController.m */; };
		939CB6B71FC82FCB0070F130 /* ImageLoadOperation.m in Sources */ = {isa = PBXBuildFile; fileRef = 939CB6B61FC82FCB0070F130 /* ImageLoadOperation.m */; };
		93A4ABF91FC5D18C00C47C8D /* GalaxyCollectionViewController.m in Sources */ = {isa = PBXBuildFile; fileRef = 93A4ABF81FC5D18C00C47C8D /* GalaxyCollectionViewController.m */; };
		93A4ABFC1FC5D1F900C47C8D /* GalaxyCollectionViewCell.m in Sources */ = {isa = PBXBuildFile; fileRef = 93A4ABFB1FC5D1F900C47C8D /* GalaxyCollectionViewCell.m */; };
		93A4AC011FC5D2CA00C47C8D /* GalaxyCellModel.m in Sources */ = {isa = PBXBuildFile; fileRef = 93A4AC001FC5D2CA00C47C8D /* GalaxyCellModel.m */; };
		93A9CBB91FBB17D400AEBF4B /* RDLChartViewController.m in Sources */ = {isa = PBXBuildFile; fileRef = 93A9CBB51FBB17D200AEBF4B /* RDLChartViewController.m */; };
		93A9CBBA1FBB17D400AEBF4B /* RDLPushUpsModel.m in Sources */ = {isa = PBXBuildFile; fileRef = 93A9CBB61FBB17D300AEBF4B /* RDLPushUpsModel.m */; };
		93A9CBBB1FBB17D400AEBF4B /* RDLChartView.m in Sources */ = {isa = PBXBuildFile; fileRef = 93A9CBB81FBB17D300AEBF4B /* RDLChartView.m */; };
		93A9CBBE1FBB17DF00AEBF4B /* RDLViewControllerLogLifecycleViewController.m in Sources */ = {isa = PBXBuildFile; fileRef = 93A9CBBC1FBB17DE00AEBF4B /* RDLViewControllerLogLifecycleViewController.m */; };
		93A9CBC21FBB21C600AEBF4B /* RDLSplitGraphicsViewController.m in Sources */ = {isa = PBXBuildFile; fileRef = 93A9CBC11FBB21C600AEBF4B /* RDLSplitGraphicsViewController.m */; };
		93A9CBC51FBB2DA000AEBF4B /* Graphics.m in Sources */ = {isa = PBXBuildFile; fileRef = 93A9CBC41FBB2DA000AEBF4B /* Graphics.m */; };
		93A9CBC81FBB334000AEBF4B /* RDLSelectChartViewController.m in Sources */ = {isa = PBXBuildFile; fileRef = 93A9CBC71FBB334000AEBF4B /* RDLSelectChartViewController.m */; };
		93BDBB581FA33EF900748B5D /* AppDelegate.m in Sources */ = {isa = PBXBuildFile; fileRef = 93BDBB571FA33EF900748B5D /* AppDelegate.m */; };
		93BDBB5B1FA33EF900748B5D /* CalculatorViewController.m in Sources */ = {isa = PBXBuildFile; fileRef = 93BDBB5A1FA33EF900748B5D /* CalculatorViewController.m */; };
		93BDBB5E1FA33EF900748B5D /* Main.storyboard in Resources */ = {isa = PBXBuildFile; fileRef = 93BDBB5C1FA33EF900748B5D /* Main.storyboard */; };
		93BDBB601FA33EFA00748B5D /* Assets.xcassets in Resources */ = {isa = PBXBuildFile; fileRef = 93BDBB5F1FA33EFA00748B5D /* Assets.xcassets */; };
		93BDBB631FA33EFA00748B5D /* LaunchScreen.storyboard in Resources */ = {isa = PBXBuildFile; fileRef = 93BDBB611FA33EFA00748B5D /* LaunchScreen.storyboard */; };
		93BDBB661FA33EFA00748B5D /* main.m in Sources */ = {isa = PBXBuildFile; fileRef = 93BDBB651FA33EFA00748B5D /* main.m */; };
		93F344401FCC2F48000A4EAF /* MainTableViewController.m in Sources */ = {isa = PBXBuildFile; fileRef = 93F3443F1FCC2F48000A4EAF /* MainTableViewController.m */; };
		93F344431FCC312F000A4EAF /* MainTableViewCell.m in Sources */ = {isa = PBXBuildFile; fileRef = 93F344421FCC312F000A4EAF /* MainTableViewCell.m */; };
		93F344461FCC37E9000A4EAF /* AppModel.m in Sources */ = {isa = PBXBuildFile; fileRef = 93F344451FCC37E9000A4EAF /* AppModel.m */; };
		93F3444B1FCC534F000A4EAF /* TwitterLoginViewController.m in Sources */ = {isa = PBXBuildFile; fileRef = 93F3444A1FCC534F000A4EAF /* TwitterLoginViewController.m */; };
		93F3444D1FCC536B000A4EAF /* SocialSearch.storyboard in Resources */ = {isa = PBXBuildFile; fileRef = 93F3444C1FCC536B000A4EAF /* SocialSearch.storyboard */; };
		93F344501FCC7606000A4EAF /* TweetsTableViewController.m in Sources */ = {isa = PBXBuildFile; fileRef = 93F3444F1FCC7606000A4EAF /* TweetsTableViewController.m */; };
		93F344531FCC7DCA000A4EAF /* TweetTableViewCell.m in Sources */ = {isa = PBXBuildFile; fileRef = 93F344521FCC7DCA000A4EAF /* TweetTableViewCell.m */; };
		A12539E1C6BF517F4DAF901A /* libPods-CalculatorApp.a in Frameworks */ = {isa = PBXBuildFile; fileRef = 9B2009429E6BBDD81875EA1A /* libPods-CalculatorApp.a */; };
/* End PBXBuildFile section */

/* Begin PBXFileReference section */
		3B63A073A05346B33FB80559 /* Pods-CalculatorApp.debug.xcconfig */ = {isa = PBXFileReference; includeInIndex = 1; lastKnownFileType = text.xcconfig; name = "Pods-CalculatorApp.debug.xcconfig"; path = "Pods/Target Support Files/Pods-CalculatorApp/Pods-CalculatorApp.debug.xcconfig"; sourceTree = "<group>"; };
		933F6CD01FA8A06D005B8305 /* Calculator.h */ = {isa = PBXFileReference; lastKnownFileType = sourcecode.c.h; path = Calculator.h; sourceTree = "<group>"; };
		933F6CD11FA8A06D005B8305 /* Calculator.m */ = {isa = PBXFileReference; lastKnownFileType = sourcecode.c.objc; path = Calculator.m; sourceTree = "<group>"; };
		935215881FCD77C400F7E1E3 /* TweetsLoadOperation.h */ = {isa = PBXFileReference; lastKnownFileType = sourcecode.c.h; path = TweetsLoadOperation.h; sourceTree = "<group>"; };
		935215891FCD77C400F7E1E3 /* TweetsLoadOperation.m */ = {isa = PBXFileReference; lastKnownFileType = sourcecode.c.objc; path = TweetsLoadOperation.m; sourceTree = "<group>"; };
		9356648F1FB5A1320037F4B3 /* Graphics.storyboard */ = {isa = PBXFileReference; lastKnownFileType = file.storyboard; path = Graphics.storyboard; sourceTree = "<group>"; };
		9356A0841FBD95C600C4DEDC /* Colors.storyboard */ = {isa = PBXFileReference; lastKnownFileType = file.storyboard; path = Colors.storyboard; sourceTree = "<group>"; };
		9356A0861FBD9F5400C4DEDC /* GreenViewController.h */ = {isa = PBXFileReference; lastKnownFileType = sourcecode.c.h; path = GreenViewController.h; sourceTree = "<group>"; };
		9356A0871FBD9F5400C4DEDC /* GreenViewController.m */ = {isa = PBXFileReference; lastKnownFileType = sourcecode.c.objc; path = GreenViewController.m; sourceTree = "<group>"; };
		9356A0891FBD9F8F00C4DEDC /* RedViewController.h */ = {isa = PBXFileReference; lastKnownFileType = sourcecode.c.h; path = RedViewController.h; sourceTree = "<group>"; };
		9356A08A1FBD9F9000C4DEDC /* RedViewController.m */ = {isa = PBXFileReference; lastKnownFileType = sourcecode.c.objc; path = RedViewController.m; sourceTree = "<group>"; };
		9356A08C1FBD9FA200C4DEDC /* BlueViewController.h */ = {isa = PBXFileReference; lastKnownFileType = sourcecode.c.h; path = BlueViewController.h; sourceTree = "<group>"; };
		9356A08D1FBD9FA200C4DEDC /* BlueViewController.m */ = {isa = PBXFileReference; lastKnownFileType = sourcecode.c.objc; path = BlueViewController.m; sourceTree = "<group>"; };
		9356A09D1FBE04D200C4DEDC /* FlipAnimatorTransitioning.h */ = {isa = PBXFileReference; lastKnownFileType = sourcecode.c.h; path = FlipAnimatorTransitioning.h; sourceTree = "<group>"; };
		9356A09E1FBE04D200C4DEDC /* FlipAnimatorTransitioning.m */ = {isa = PBXFileReference; lastKnownFileType = sourcecode.c.objc; path = FlipAnimatorTransitioning.m; sourceTree = "<group>"; };
		9356A0A01FBEE8CD00C4DEDC /* CalculatorApp.xcworkspace */ = {isa = PBXFileReference; lastKnownFileType = wrapper.workspace; path = CalculatorApp.xcworkspace; sourceTree = "<group>"; };
		9356A0A51FBEFF8A00C4DEDC /* Profile.storyboard */ = {isa = PBXFileReference; lastKnownFileType = file.storyboard; path = Profile.storyboard; sourceTree = "<group>"; };
		9356A0A71FBEFFA000C4DEDC /* AuthController.m */ = {isa = PBXFileReference; fileEncoding = 4; lastKnownFileType = sourcecode.c.objc; path = AuthController.m; sourceTree = "<group>"; };
		9356A0A81FBEFFA100C4DEDC /* AuthController.h */ = {isa = PBXFileReference; fileEncoding = 4; lastKnownFileType = sourcecode.c.h; path = AuthController.h; sourceTree = "<group>"; };
		9356A0AB1FBF015900C4DEDC /* ProfilesDataSource.m */ = {isa = PBXFileReference; fileEncoding = 4; lastKnownFileType = sourcecode.c.objc; path = ProfilesDataSource.m; sourceTree = "<group>"; };
		9356A0AC1FBF015A00C4DEDC /* ProfileModel.m */ = {isa = PBXFileReference; fileEncoding = 4; lastKnownFileType = sourcecode.c.objc; path = ProfileModel.m; sourceTree = "<group>"; };
		9356A0AD1FBF015B00C4DEDC /* ProfilesDataSource.h */ = {isa = PBXFileReference; fileEncoding = 4; lastKnownFileType = sourcecode.c.h; path = ProfilesDataSource.h; sourceTree = "<group>"; };
		9356A0AE1FBF015C00C4DEDC /* ProfileModel.h */ = {isa = PBXFileReference; fileEncoding = 4; lastKnownFileType = sourcecode.c.h; path = ProfileModel.h; sourceTree = "<group>"; };
		9356FBBA1FB5D3FE0028C782 /* HistoryTableViewCell.h */ = {isa = PBXFileReference; lastKnownFileType = sourcecode.c.h; path = HistoryTableViewCell.h; sourceTree = "<group>"; };
		9356FBBB1FB5D3FE0028C782 /* HistoryTableViewCell.m */ = {isa = PBXFileReference; lastKnownFileType = sourcecode.c.objc; path = HistoryTableViewCell.m; sourceTree = "<group>"; };
		9356FBBD1FB5E7280028C782 /* MainTabBarController.h */ = {isa = PBXFileReference; lastKnownFileType = sourcecode.c.h; path = MainTabBarController.h; sourceTree = "<group>"; };
		9356FBBE1FB5E7280028C782 /* MainTabBarController.m */ = {isa = PBXFileReference; lastKnownFileType = sourcecode.c.objc; path = MainTabBarController.m; sourceTree = "<group>"; };
		935A08351FC443EB004B0E74 /* Galaxy.storyboard */ = {isa = PBXFileReference; lastKnownFileType = file.storyboard; path = Galaxy.storyboard; sourceTree = "<group>"; };
		935A08371FC4442C004B0E74 /* GalaxyViewController.h */ = {isa = PBXFileReference; lastKnownFileType = sourcecode.c.h; path = GalaxyViewController.h; sourceTree = "<group>"; };
		935A08381FC4442C004B0E74 /* GalaxyViewController.m */ = {isa = PBXFileReference; lastKnownFileType = sourcecode.c.objc; path = GalaxyViewController.m; sourceTree = "<group>"; };
		935A083B1FC44761004B0E74 /* GalaxyModel.h */ = {isa = PBXFileReference; lastKnownFileType = sourcecode.c.h; path = GalaxyModel.h; sourceTree = "<group>"; };
		935A083C1FC44761004B0E74 /* GalaxyModel.m */ = {isa = PBXFileReference; lastKnownFileType = sourcecode.c.objc; path = GalaxyModel.m; sourceTree = "<group>"; };
		937F4ED51FBB54D000FFD8E3 /* UIStoryboardSegue+ContentViewController.h */ = {isa = PBXFileReference; lastKnownFileType = sourcecode.c.h; path = "UIStoryboardSegue+ContentViewController.h"; sourceTree = "<group>"; };
		937F4ED61FBB54D000FFD8E3 /* UIStoryboardSegue+ContentViewController.m */ = {isa = PBXFileReference; lastKnownFileType = sourcecode.c.objc; path = "UIStoryboardSegue+ContentViewController.m"; sourceTree = "<group>"; };
		9388726E1FB071F300B632EB /* CalculatorHistoryViewController.h */ = {isa = PBXFileReference; lastKnownFileType = sourcecode.c.h; path = CalculatorHistoryViewController.h; sourceTree = "<group>"; };
		9388726F1FB071F300B632EB /* CalculatorHistoryViewController.m */ = {isa = PBXFileReference; lastKnownFileType = sourcecode.c.objc; path = CalculatorHistoryViewController.m; sourceTree = "<group>"; };
		939CB6B51FC82FCB0070F130 /* ImageLoadOperation.h */ = {isa = PBXFileReference; lastKnownFileType = sourcecode.c.h; path = ImageLoadOperation.h; sourceTree = "<group>"; };
		939CB6B61FC82FCB0070F130 /* ImageLoadOperation.m */ = {isa = PBXFileReference; lastKnownFileType = sourcecode.c.objc; path = ImageLoadOperation.m; sourceTree = "<group>"; };
		93A4ABF71FC5D18C00C47C8D /* GalaxyCollectionViewController.h */ = {isa = PBXFileReference; lastKnownFileType = sourcecode.c.h; path = GalaxyCollectionViewController.h; sourceTree = "<group>"; };
		93A4ABF81FC5D18C00C47C8D /* GalaxyCollectionViewController.m */ = {isa = PBXFileReference; lastKnownFileType = sourcecode.c.objc; path = GalaxyCollectionViewController.m; sourceTree = "<group>"; };
		93A4ABFA1FC5D1F900C47C8D /* GalaxyCollectionViewCell.h */ = {isa = PBXFileReference; lastKnownFileType = sourcecode.c.h; path = GalaxyCollectionViewCell.h; sourceTree = "<group>"; };
		93A4ABFB1FC5D1F900C47C8D /* GalaxyCollectionViewCell.m */ = {isa = PBXFileReference; lastKnownFileType = sourcecode.c.objc; path = GalaxyCollectionViewCell.m; sourceTree = "<group>"; };
		93A4ABFF1FC5D2CA00C47C8D /* GalaxyCellModel.h */ = {isa = PBXFileReference; lastKnownFileType = sourcecode.c.h; path = GalaxyCellModel.h; sourceTree = "<group>"; };
		93A4AC001FC5D2CA00C47C8D /* GalaxyCellModel.m */ = {isa = PBXFileReference; lastKnownFileType = sourcecode.c.objc; path = GalaxyCellModel.m; sourceTree = "<group>"; };
		93A9CBB21FBB17D000AEBF4B /* RDLChartPointProtocol.h */ = {isa = PBXFileReference; fileEncoding = 4; lastKnownFileType = sourcecode.c.h; path = RDLChartPointProtocol.h; sourceTree = "<group>"; };
		93A9CBB31FBB17D000AEBF4B /* RDLPushUpsModel.h */ = {isa = PBXFileReference; fileEncoding = 4; lastKnownFileType = sourcecode.c.h; path = RDLPushUpsModel.h; sourceTree = "<group>"; };
		93A9CBB41FBB17D100AEBF4B /* RDLChartViewController.h */ = {isa = PBXFileReference; fileEncoding = 4; lastKnownFileType = sourcecode.c.h; path = RDLChartViewController.h; sourceTree = "<group>"; };
		93A9CBB51FBB17D200AEBF4B /* RDLChartViewController.m */ = {isa = PBXFileReference; fileEncoding = 4; lastKnownFileType = sourcecode.c.objc; path = RDLChartViewController.m; sourceTree = "<group>"; };
		93A9CBB61FBB17D300AEBF4B /* RDLPushUpsModel.m */ = {isa = PBXFileReference; fileEncoding = 4; lastKnownFileType = sourcecode.c.objc; path = RDLPushUpsModel.m; sourceTree = "<group>"; };
		93A9CBB71FBB17D300AEBF4B /* RDLChartView.h */ = {isa = PBXFileReference; fileEncoding = 4; lastKnownFileType = sourcecode.c.h; path = RDLChartView.h; sourceTree = "<group>"; };
		93A9CBB81FBB17D300AEBF4B /* RDLChartView.m */ = {isa = PBXFileReference; fileEncoding = 4; lastKnownFileType = sourcecode.c.objc; path = RDLChartView.m; sourceTree = "<group>"; };
		93A9CBBC1FBB17DE00AEBF4B /* RDLViewControllerLogLifecycleViewController.m */ = {isa = PBXFileReference; fileEncoding = 4; lastKnownFileType = sourcecode.c.objc; path = RDLViewControllerLogLifecycleViewController.m; sourceTree = "<group>"; };
		93A9CBBD1FBB17DE00AEBF4B /* RDLViewControllerLogLifecycleViewController.h */ = {isa = PBXFileReference; fileEncoding = 4; lastKnownFileType = sourcecode.c.h; path = RDLViewControllerLogLifecycleViewController.h; sourceTree = "<group>"; };
		93A9CBC01FBB21C600AEBF4B /* RDLSplitGraphicsViewController.h */ = {isa = PBXFileReference; lastKnownFileType = sourcecode.c.h; path = RDLSplitGraphicsViewController.h; sourceTree = "<group>"; };
		93A9CBC11FBB21C600AEBF4B /* RDLSplitGraphicsViewController.m */ = {isa = PBXFileReference; lastKnownFileType = sourcecode.c.objc; path = RDLSplitGraphicsViewController.m; sourceTree = "<group>"; };
		93A9CBC31FBB2DA000AEBF4B /* Graphics.h */ = {isa = PBXFileReference; lastKnownFileType = sourcecode.c.h; path = Graphics.h; sourceTree = "<group>"; };
		93A9CBC41FBB2DA000AEBF4B /* Graphics.m */ = {isa = PBXFileReference; lastKnownFileType = sourcecode.c.objc; path = Graphics.m; sourceTree = "<group>"; };
		93A9CBC61FBB334000AEBF4B /* RDLSelectChartViewController.h */ = {isa = PBXFileReference; lastKnownFileType = sourcecode.c.h; path = RDLSelectChartViewController.h; sourceTree = "<group>"; };
		93A9CBC71FBB334000AEBF4B /* RDLSelectChartViewController.m */ = {isa = PBXFileReference; lastKnownFileType = sourcecode.c.objc; path = RDLSelectChartViewController.m; sourceTree = "<group>"; };
		93BDBB531FA33EF900748B5D /* CalculatorApp.app */ = {isa = PBXFileReference; explicitFileType = wrapper.application; includeInIndex = 0; path = CalculatorApp.app; sourceTree = BUILT_PRODUCTS_DIR; };
		93BDBB561FA33EF900748B5D /* AppDelegate.h */ = {isa = PBXFileReference; lastKnownFileType = sourcecode.c.h; path = AppDelegate.h; sourceTree = "<group>"; };
		93BDBB571FA33EF900748B5D /* AppDelegate.m */ = {isa = PBXFileReference; lastKnownFileType = sourcecode.c.objc; path = AppDelegate.m; sourceTree = "<group>"; };
		93BDBB591FA33EF900748B5D /* CalculatorViewController.h */ = {isa = PBXFileReference; lastKnownFileType = sourcecode.c.h; path = CalculatorViewController.h; sourceTree = "<group>"; };
		93BDBB5A1FA33EF900748B5D /* CalculatorViewController.m */ = {isa = PBXFileReference; lastKnownFileType = sourcecode.c.objc; path = CalculatorViewController.m; sourceTree = "<group>"; };
		93BDBB5D1FA33EF900748B5D /* Base */ = {isa = PBXFileReference; lastKnownFileType = file.storyboard; name = Base; path = Base.lproj/Main.storyboard; sourceTree = "<group>"; };
		93BDBB5F1FA33EFA00748B5D /* Assets.xcassets */ = {isa = PBXFileReference; lastKnownFileType = folder.assetcatalog; path = Assets.xcassets; sourceTree = "<group>"; };
		93BDBB621FA33EFA00748B5D /* Base */ = {isa = PBXFileReference; lastKnownFileType = file.storyboard; name = Base; path = Base.lproj/LaunchScreen.storyboard; sourceTree = "<group>"; };
		93BDBB641FA33EFA00748B5D /* Info.plist */ = {isa = PBXFileReference; lastKnownFileType = text.plist.xml; path = Info.plist; sourceTree = "<group>"; };
		93BDBB651FA33EFA00748B5D /* main.m */ = {isa = PBXFileReference; lastKnownFileType = sourcecode.c.objc; path = main.m; sourceTree = "<group>"; };
		93F3443E1FCC2F48000A4EAF /* MainTableViewController.h */ = {isa = PBXFileReference; lastKnownFileType = sourcecode.c.h; path = MainTableViewController.h; sourceTree = "<group>"; };
		93F3443F1FCC2F48000A4EAF /* MainTableViewController.m */ = {isa = PBXFileReference; lastKnownFileType = sourcecode.c.objc; path = MainTableViewController.m; sourceTree = "<group>"; };
		93F344411FCC312F000A4EAF /* MainTableViewCell.h */ = {isa = PBXFileReference; lastKnownFileType = sourcecode.c.h; path = MainTableViewCell.h; sourceTree = "<group>"; };
		93F344421FCC312F000A4EAF /* MainTableViewCell.m */ = {isa = PBXFileReference; lastKnownFileType = sourcecode.c.objc; path = MainTableViewCell.m; sourceTree = "<group>"; };
		93F344441FCC37E9000A4EAF /* AppModel.h */ = {isa = PBXFileReference; lastKnownFileType = sourcecode.c.h; path = AppModel.h; sourceTree = "<group>"; };
		93F344451FCC37E9000A4EAF /* AppModel.m */ = {isa = PBXFileReference; lastKnownFileType = sourcecode.c.objc; path = AppModel.m; sourceTree = "<group>"; };
		93F344491FCC534F000A4EAF /* TwitterLoginViewController.h */ = {isa = PBXFileReference; lastKnownFileType = sourcecode.c.h; path = TwitterLoginViewController.h; sourceTree = "<group>"; };
		93F3444A1FCC534F000A4EAF /* TwitterLoginViewController.m */ = {isa = PBXFileReference; lastKnownFileType = sourcecode.c.objc; path = TwitterLoginViewController.m; sourceTree = "<group>"; };
		93F3444C1FCC536B000A4EAF /* SocialSearch.storyboard */ = {isa = PBXFileReference; lastKnownFileType = file.storyboard; path = SocialSearch.storyboard; sourceTree = "<group>"; };
		93F3444E1FCC7606000A4EAF /* TweetsTableViewController.h */ = {isa = PBXFileReference; lastKnownFileType = sourcecode.c.h; path = TweetsTableViewController.h; sourceTree = "<group>"; };
		93F3444F1FCC7606000A4EAF /* TweetsTableViewController.m */ = {isa = PBXFileReference; lastKnownFileType = sourcecode.c.objc; path = TweetsTableViewController.m; sourceTree = "<group>"; };
		93F344511FCC7DCA000A4EAF /* TweetTableViewCell.h */ = {isa = PBXFileReference; lastKnownFileType = sourcecode.c.h; path = TweetTableViewCell.h; sourceTree = "<group>"; };
		93F344521FCC7DCA000A4EAF /* TweetTableViewCell.m */ = {isa = PBXFileReference; lastKnownFileType = sourcecode.c.objc; path = TweetTableViewCell.m; sourceTree = "<group>"; };
		9B2009429E6BBDD81875EA1A /* libPods-CalculatorApp.a */ = {isa = PBXFileReference; explicitFileType = archive.ar; includeInIndex = 0; path = "libPods-CalculatorApp.a"; sourceTree = BUILT_PRODUCTS_DIR; };
		BE5A3FB65E48A4C64A2B35B8 /* Pods-CalculatorApp.release.xcconfig */ = {isa = PBXFileReference; includeInIndex = 1; lastKnownFileType = text.xcconfig; name = "Pods-CalculatorApp.release.xcconfig"; path = "Pods/Target Support Files/Pods-CalculatorApp/Pods-CalculatorApp.release.xcconfig"; sourceTree = "<group>"; };
/* End PBXFileReference section */

/* Begin PBXFrameworksBuildPhase section */
		93BDBB501FA33EF800748B5D /* Frameworks */ = {
			isa = PBXFrameworksBuildPhase;
			buildActionMask = 2147483647;
			files = (
				A12539E1C6BF517F4DAF901A /* libPods-CalculatorApp.a in Frameworks */,
			);
			runOnlyForDeploymentPostprocessing = 0;
		};
/* End PBXFrameworksBuildPhase section */

/* Begin PBXGroup section */
		933F6CD31FA8A078005B8305 /* Model */ = {
			isa = PBXGroup;
			children = (
				939CB6B51FC82FCB0070F130 /* ImageLoadOperation.h */,
				939CB6B61FC82FCB0070F130 /* ImageLoadOperation.m */,
				93A9CBBF1FBB192600AEBF4B /* Graphics */,
				935A08341FC41D69004B0E74 /* Profile */,
				939CB6B41FC82B530070F130 /* Animator */,
				939CB6B31FC82B1F0070F130 /* Calculator */,
				93A4ABFD1FC5D28000C47C8D /* Galaxy */,
				93F344441FCC37E9000A4EAF /* AppModel.h */,
				93F344451FCC37E9000A4EAF /* AppModel.m */,
				935215881FCD77C400F7E1E3 /* TweetsLoadOperation.h */,
				935215891FCD77C400F7E1E3 /* TweetsLoadOperation.m */,
			);
			path = Model;
			sourceTree = "<group>";
		};
		935664911FB5A1630037F4B3 /* View */ = {
			isa = PBXGroup;
			children = (
				93BDBB5C1FA33EF900748B5D /* Main.storyboard */,
				9356648F1FB5A1320037F4B3 /* Graphics.storyboard */,
				9356A0841FBD95C600C4DEDC /* Colors.storyboard */,
				9356A0A51FBEFF8A00C4DEDC /* Profile.storyboard */,
				935A08351FC443EB004B0E74 /* Galaxy.storyboard */,
				93F3444C1FCC536B000A4EAF /* SocialSearch.storyboard */,
			);
			path = View;
			sourceTree = "<group>";
		};
		935664921FB5A1750037F4B3 /* Controller */ = {
			isa = PBXGroup;
			children = (
				93F344481FCC5316000A4EAF /* SocialSearchControllers */,
				9356FBBD1FB5E7280028C782 /* MainTabBarController.h */,
				9356FBBE1FB5E7280028C782 /* MainTabBarController.m */,
				9356A0AA1FBEFFAE00C4DEDC /* ProfileControllers */,
				9356A0911FBDA01B00C4DEDC /* CalculatorContollers */,
				9356A0901FBDA00300C4DEDC /* RDLGraphicsControllers */,
				9356A08F1FBD9FE500C4DEDC /* ColorsControllers */,
				935A083A1FC4443A004B0E74 /* GalaxyControllers */,
				93F344471FCC488E000A4EAF /* MainControllers */,
			);
			path = Controller;
			sourceTree = "<group>";
		};
		9356A08F1FBD9FE500C4DEDC /* ColorsControllers */ = {
			isa = PBXGroup;
			children = (
				9356A0861FBD9F5400C4DEDC /* GreenViewController.h */,
				9356A0871FBD9F5400C4DEDC /* GreenViewController.m */,
				9356A0891FBD9F8F00C4DEDC /* RedViewController.h */,
				9356A08A1FBD9F9000C4DEDC /* RedViewController.m */,
				9356A08C1FBD9FA200C4DEDC /* BlueViewController.h */,
				9356A08D1FBD9FA200C4DEDC /* BlueViewController.m */,
			);
			path = ColorsControllers;
			sourceTree = "<group>";
		};
		9356A0901FBDA00300C4DEDC /* RDLGraphicsControllers */ = {
			isa = PBXGroup;
			children = (
				93A9CBB41FBB17D100AEBF4B /* RDLChartViewController.h */,
				93A9CBB51FBB17D200AEBF4B /* RDLChartViewController.m */,
				93A9CBC01FBB21C600AEBF4B /* RDLSplitGraphicsViewController.h */,
				93A9CBC11FBB21C600AEBF4B /* RDLSplitGraphicsViewController.m */,
				93A9CBC61FBB334000AEBF4B /* RDLSelectChartViewController.h */,
				93A9CBC71FBB334000AEBF4B /* RDLSelectChartViewController.m */,
			);
			path = RDLGraphicsControllers;
			sourceTree = "<group>";
		};
		9356A0911FBDA01B00C4DEDC /* CalculatorContollers */ = {
			isa = PBXGroup;
			children = (
				9356FBBA1FB5D3FE0028C782 /* HistoryTableViewCell.h */,
				9356FBBB1FB5D3FE0028C782 /* HistoryTableViewCell.m */,
				9388726E1FB071F300B632EB /* CalculatorHistoryViewController.h */,
				9388726F1FB071F300B632EB /* CalculatorHistoryViewController.m */,
				93BDBB591FA33EF900748B5D /* CalculatorViewController.h */,
				93BDBB5A1FA33EF900748B5D /* CalculatorViewController.m */,
			);
			path = CalculatorContollers;
			sourceTree = "<group>";
		};
		9356A0921FBDA04800C4DEDC /* Categories */ = {
			isa = PBXGroup;
			children = (
				937F4ED51FBB54D000FFD8E3 /* UIStoryboardSegue+ContentViewController.h */,
				937F4ED61FBB54D000FFD8E3 /* UIStoryboardSegue+ContentViewController.m */,
			);
			path = Categories;
			sourceTree = "<group>";
		};
		9356A0AA1FBEFFAE00C4DEDC /* ProfileControllers */ = {
			isa = PBXGroup;
			children = (
				9356A0A81FBEFFA100C4DEDC /* AuthController.h */,
				9356A0A71FBEFFA000C4DEDC /* AuthController.m */,
			);
			path = ProfileControllers;
			sourceTree = "<group>";
		};
		935A08341FC41D69004B0E74 /* Profile */ = {
			isa = PBXGroup;
			children = (
				9356A0AC1FBF015A00C4DEDC /* ProfileModel.m */,
				9356A0AD1FBF015B00C4DEDC /* ProfilesDataSource.h */,
				9356A0AE1FBF015C00C4DEDC /* ProfileModel.h */,
				9356A0AB1FBF015900C4DEDC /* ProfilesDataSource.m */,
			);
			path = Profile;
			sourceTree = "<group>";
		};
		935A083A1FC4443A004B0E74 /* GalaxyControllers */ = {
			isa = PBXGroup;
			children = (
				935A08371FC4442C004B0E74 /* GalaxyViewController.h */,
				935A08381FC4442C004B0E74 /* GalaxyViewController.m */,
				93A4ABF71FC5D18C00C47C8D /* GalaxyCollectionViewController.h */,
				93A4ABF81FC5D18C00C47C8D /* GalaxyCollectionViewController.m */,
				93A4ABFA1FC5D1F900C47C8D /* GalaxyCollectionViewCell.h */,
				93A4ABFB1FC5D1F900C47C8D /* GalaxyCollectionViewCell.m */,
			);
			path = GalaxyControllers;
			sourceTree = "<group>";
		};
		939CB6B31FC82B1F0070F130 /* Calculator */ = {
			isa = PBXGroup;
			children = (
				933F6CD01FA8A06D005B8305 /* Calculator.h */,
				933F6CD11FA8A06D005B8305 /* Calculator.m */,
			);
			path = Calculator;
			sourceTree = "<group>";
		};
		939CB6B41FC82B530070F130 /* Animator */ = {
			isa = PBXGroup;
			children = (
				9356A09D1FBE04D200C4DEDC /* FlipAnimatorTransitioning.h */,
				9356A09E1FBE04D200C4DEDC /* FlipAnimatorTransitioning.m */,
			);
			path = Animator;
			sourceTree = "<group>";
		};
		93A4ABFD1FC5D28000C47C8D /* Galaxy */ = {
			isa = PBXGroup;
			children = (
				935A083B1FC44761004B0E74 /* GalaxyModel.h */,
				935A083C1FC44761004B0E74 /* GalaxyModel.m */,
				93A4ABFF1FC5D2CA00C47C8D /* GalaxyCellModel.h */,
				93A4AC001FC5D2CA00C47C8D /* GalaxyCellModel.m */,
			);
			path = Galaxy;
			sourceTree = "<group>";
		};
		93A9CBBF1FBB192600AEBF4B /* Graphics */ = {
			isa = PBXGroup;
			children = (
				93A9CBB21FBB17D000AEBF4B /* RDLChartPointProtocol.h */,
				93A9CBB71FBB17D300AEBF4B /* RDLChartView.h */,
				93A9CBB81FBB17D300AEBF4B /* RDLChartView.m */,
				93A9CBB31FBB17D000AEBF4B /* RDLPushUpsModel.h */,
				93A9CBB61FBB17D300AEBF4B /* RDLPushUpsModel.m */,
				93A9CBBD1FBB17DE00AEBF4B /* RDLViewControllerLogLifecycleViewController.h */,
				93A9CBBC1FBB17DE00AEBF4B /* RDLViewControllerLogLifecycleViewController.m */,
				93A9CBC31FBB2DA000AEBF4B /* Graphics.h */,
				93A9CBC41FBB2DA000AEBF4B /* Graphics.m */,
			);
			path = Graphics;
			sourceTree = "<group>";
		};
		93BDBB4A1FA33EF700748B5D = {
			isa = PBXGroup;
			children = (
				93BDBB551FA33EF900748B5D /* CalculatorApp */,
				93BDBB541FA33EF900748B5D /* Products */,
				F151F607C7E07305AAC0EB39 /* Frameworks */,
				B1E1EDBC0F5ED1AB358AC623 /* Pods */,
			);
			sourceTree = "<group>";
		};
		93BDBB541FA33EF900748B5D /* Products */ = {
			isa = PBXGroup;
			children = (
				93BDBB531FA33EF900748B5D /* CalculatorApp.app */,
			);
			name = Products;
			sourceTree = "<group>";
		};
		93BDBB551FA33EF900748B5D /* CalculatorApp */ = {
			isa = PBXGroup;
			children = (
				93BDBB561FA33EF900748B5D /* AppDelegate.h */,
				93BDBB571FA33EF900748B5D /* AppDelegate.m */,
				935664921FB5A1750037F4B3 /* Controller */,
				935664911FB5A1630037F4B3 /* View */,
				933F6CD31FA8A078005B8305 /* Model */,
				93BDBB5F1FA33EFA00748B5D /* Assets.xcassets */,
				93BDBB611FA33EFA00748B5D /* LaunchScreen.storyboard */,
				93BDBB641FA33EFA00748B5D /* Info.plist */,
				93BDBB651FA33EFA00748B5D /* main.m */,
				9356A0921FBDA04800C4DEDC /* Categories */,
			);
			path = CalculatorApp;
			sourceTree = "<group>";
		};
		93F344471FCC488E000A4EAF /* MainControllers */ = {
			isa = PBXGroup;
			children = (
				93F3443E1FCC2F48000A4EAF /* MainTableViewController.h */,
				93F3443F1FCC2F48000A4EAF /* MainTableViewController.m */,
				93F344411FCC312F000A4EAF /* MainTableViewCell.h */,
				93F344421FCC312F000A4EAF /* MainTableViewCell.m */,
			);
			path = MainControllers;
			sourceTree = "<group>";
		};
		93F344481FCC5316000A4EAF /* SocialSearchControllers */ = {
			isa = PBXGroup;
			children = (
				93F344491FCC534F000A4EAF /* TwitterLoginViewController.h */,
				93F3444A1FCC534F000A4EAF /* TwitterLoginViewController.m */,
				93F3444E1FCC7606000A4EAF /* TweetsTableViewController.h */,
				93F3444F1FCC7606000A4EAF /* TweetsTableViewController.m */,
				93F344511FCC7DCA000A4EAF /* TweetTableViewCell.h */,
				93F344521FCC7DCA000A4EAF /* TweetTableViewCell.m */,
			);
			path = SocialSearchControllers;
			sourceTree = "<group>";
		};
		B1E1EDBC0F5ED1AB358AC623 /* Pods */ = {
			isa = PBXGroup;
			children = (
				3B63A073A05346B33FB80559 /* Pods-CalculatorApp.debug.xcconfig */,
				BE5A3FB65E48A4C64A2B35B8 /* Pods-CalculatorApp.release.xcconfig */,
			);
			name = Pods;
			sourceTree = "<group>";
		};
		F151F607C7E07305AAC0EB39 /* Frameworks */ = {
			isa = PBXGroup;
			children = (
				9356A0A01FBEE8CD00C4DEDC /* CalculatorApp.xcworkspace */,
				9B2009429E6BBDD81875EA1A /* libPods-CalculatorApp.a */,
			);
			name = Frameworks;
			sourceTree = "<group>";
		};
/* End PBXGroup section */

/* Begin PBXNativeTarget section */
		93BDBB521FA33EF800748B5D /* CalculatorApp */ = {
			isa = PBXNativeTarget;
			buildConfigurationList = 93BDBB691FA33EFA00748B5D /* Build configuration list for PBXNativeTarget "CalculatorApp" */;
			buildPhases = (
				9B6D342C56A22B20EC9704E7 /* [CP] Check Pods Manifest.lock */,
				93BDBB4F1FA33EF800748B5D /* Sources */,
				93BDBB501FA33EF800748B5D /* Frameworks */,
				93BDBB511FA33EF800748B5D /* Resources */,
				4B21BCDC89DD11D4215AE7BA /* [CP] Embed Pods Frameworks */,
				C566A533B95BDFAC20702873 /* [CP] Copy Pods Resources */,
			);
			buildRules = (
			);
			dependencies = (
			);
			name = CalculatorApp;
			productName = CalculatorApp;
			productReference = 93BDBB531FA33EF900748B5D /* CalculatorApp.app */;
			productType = "com.apple.product-type.application";
		};
/* End PBXNativeTarget section */

/* Begin PBXProject section */
		93BDBB4B1FA33EF800748B5D /* Project object */ = {
			isa = PBXProject;
			attributes = {
				LastUpgradeCheck = 0900;
				ORGANIZATIONNAME = "Vladyslav Arseniuk";
				TargetAttributes = {
					93BDBB521FA33EF800748B5D = {
						CreatedOnToolsVersion = 9.0.1;
						LastSwiftMigration = 0900;
						ProvisioningStyle = Automatic;
					};
				};
			};
			buildConfigurationList = 93BDBB4E1FA33EF800748B5D /* Build configuration list for PBXProject "CalculatorApp" */;
			compatibilityVersion = "Xcode 8.0";
			developmentRegion = en;
			hasScannedForEncodings = 0;
			knownRegions = (
				en,
				Base,
			);
			mainGroup = 93BDBB4A1FA33EF700748B5D;
			productRefGroup = 93BDBB541FA33EF900748B5D /* Products */;
			projectDirPath = "";
			projectRoot = "";
			targets = (
				93BDBB521FA33EF800748B5D /* CalculatorApp */,
			);
		};
/* End PBXProject section */

/* Begin PBXResourcesBuildPhase section */
		93BDBB511FA33EF800748B5D /* Resources */ = {
			isa = PBXResourcesBuildPhase;
			buildActionMask = 2147483647;
			files = (
				9356A0A61FBEFF8A00C4DEDC /* Profile.storyboard in Resources */,
				93BDBB631FA33EFA00748B5D /* LaunchScreen.storyboard in Resources */,
				9356A0851FBD95C700C4DEDC /* Colors.storyboard in Resources */,
				93BDBB601FA33EFA00748B5D /* Assets.xcassets in Resources */,
				93BDBB5E1FA33EF900748B5D /* Main.storyboard in Resources */,
				935A08361FC443EB004B0E74 /* Galaxy.storyboard in Resources */,
				935664901FB5A1320037F4B3 /* Graphics.storyboard in Resources */,
				93F3444D1FCC536B000A4EAF /* SocialSearch.storyboard in Resources */,
			);
			runOnlyForDeploymentPostprocessing = 0;
		};
/* End PBXResourcesBuildPhase section */

/* Begin PBXShellScriptBuildPhase section */
		4B21BCDC89DD11D4215AE7BA /* [CP] Embed Pods Frameworks */ = {
			isa = PBXShellScriptBuildPhase;
			buildActionMask = 2147483647;
			files = (
			);
			inputPaths = (
			);
			name = "[CP] Embed Pods Frameworks";
			outputPaths = (
			);
			runOnlyForDeploymentPostprocessing = 0;
			shellPath = /bin/sh;
			shellScript = "\"${SRCROOT}/Pods/Target Support Files/Pods-CalculatorApp/Pods-CalculatorApp-frameworks.sh\"\n";
			showEnvVarsInLog = 0;
		};
		9B6D342C56A22B20EC9704E7 /* [CP] Check Pods Manifest.lock */ = {
			isa = PBXShellScriptBuildPhase;
			buildActionMask = 2147483647;
			files = (
			);
			inputPaths = (
				"${PODS_PODFILE_DIR_PATH}/Podfile.lock",
				"${PODS_ROOT}/Manifest.lock",
			);
			name = "[CP] Check Pods Manifest.lock";
			outputPaths = (
				"$(DERIVED_FILE_DIR)/Pods-CalculatorApp-checkManifestLockResult.txt",
			);
			runOnlyForDeploymentPostprocessing = 0;
			shellPath = /bin/sh;
			shellScript = "diff \"${PODS_PODFILE_DIR_PATH}/Podfile.lock\" \"${PODS_ROOT}/Manifest.lock\" > /dev/null\nif [ $? != 0 ] ; then\n    # print error to STDERR\n    echo \"error: The sandbox is not in sync with the Podfile.lock. Run 'pod install' or update your CocoaPods installation.\" >&2\n    exit 1\nfi\n# This output is used by Xcode 'outputs' to avoid re-running this script phase.\necho \"SUCCESS\" > \"${SCRIPT_OUTPUT_FILE_0}\"\n";
			showEnvVarsInLog = 0;
		};
		C566A533B95BDFAC20702873 /* [CP] Copy Pods Resources */ = {
			isa = PBXShellScriptBuildPhase;
			buildActionMask = 2147483647;
			files = (
			);
			inputPaths = (
				"${SRCROOT}/Pods/Target Support Files/Pods-CalculatorApp/Pods-CalculatorApp-resources.sh",
				"${PODS_ROOT}/TwitterKit/iOS/TwitterKit.framework/TwitterKitResources.bundle",
				"${PODS_ROOT}/TwitterKit/iOS/TwitterKit.framework/TwitterShareExtensionUIResources.bundle",
			);
			name = "[CP] Copy Pods Resources";
			outputPaths = (
				"${TARGET_BUILD_DIR}/${UNLOCALIZED_RESOURCES_FOLDER_PATH}",
			);
			runOnlyForDeploymentPostprocessing = 0;
			shellPath = /bin/sh;
			shellScript = "\"${SRCROOT}/Pods/Target Support Files/Pods-CalculatorApp/Pods-CalculatorApp-resources.sh\"\n";
			showEnvVarsInLog = 0;
		};
/* End PBXShellScriptBuildPhase section */

/* Begin PBXSourcesBuildPhase section */
		93BDBB4F1FA33EF800748B5D /* Sources */ = {
			isa = PBXSourcesBuildPhase;
			buildActionMask = 2147483647;
			files = (
				93A4ABFC1FC5D1F900C47C8D /* GalaxyCollectionViewCell.m in Sources */,
				9356A0881FBD9F5400C4DEDC /* GreenViewController.m in Sources */,
				93F3444B1FCC534F000A4EAF /* TwitterLoginViewController.m in Sources */,
				93F344501FCC7606000A4EAF /* TweetsTableViewController.m in Sources */,
				93A9CBB91FBB17D400AEBF4B /* RDLChartViewController.m in Sources */,
				93A4AC011FC5D2CA00C47C8D /* GalaxyCellModel.m in Sources */,
				93A9CBC51FBB2DA000AEBF4B /* Graphics.m in Sources */,
				93F344531FCC7DCA000A4EAF /* TweetTableViewCell.m in Sources */,
				9352158A1FCD77C400F7E1E3 /* TweetsLoadOperation.m in Sources */,
				93F344461FCC37E9000A4EAF /* AppModel.m in Sources */,
				93A9CBC81FBB334000AEBF4B /* RDLSelectChartViewController.m in Sources */,
				93F344401FCC2F48000A4EAF /* MainTableViewController.m in Sources */,
				93A9CBBA1FBB17D400AEBF4B /* RDLPushUpsModel.m in Sources */,
				9356A0AF1FBF015C00C4DEDC /* ProfilesDataSource.m in Sources */,
				938872701FB071F300B632EB /* CalculatorHistoryViewController.m in Sources */,
				9356A09F1FBE04D200C4DEDC /* FlipAnimatorTransitioning.m in Sources */,
				9356FBBF1FB5E7280028C782 /* MainTabBarController.m in Sources */,
				93BDBB5B1FA33EF900748B5D /* CalculatorViewController.m in Sources */,
				9356A08E1FBD9FA200C4DEDC /* BlueViewController.m in Sources */,
				9356A08B1FBD9F9000C4DEDC /* RedViewController.m in Sources */,
				93A9CBBE1FBB17DF00AEBF4B /* RDLViewControllerLogLifecycleViewController.m in Sources */,
				937F4ED71FBB54D000FFD8E3 /* UIStoryboardSegue+ContentViewController.m in Sources */,
				93A9CBC21FBB21C600AEBF4B /* RDLSplitGraphicsViewController.m in Sources */,
				935A083D1FC44761004B0E74 /* GalaxyModel.m in Sources */,
				9356FBBC1FB5D3FE0028C782 /* HistoryTableViewCell.m in Sources */,
				93BDBB661FA33EFA00748B5D /* main.m in Sources */,
				93A9CBBB1FBB17D400AEBF4B /* RDLChartView.m in Sources */,
				9356A0A91FBEFFA100C4DEDC /* AuthController.m in Sources */,
				935A08391FC4442C004B0E74 /* GalaxyViewController.m in Sources */,
				93F344431FCC312F000A4EAF /* MainTableViewCell.m in Sources */,
				93BDBB581FA33EF900748B5D /* AppDelegate.m in Sources */,
				9356A0B01FBF015C00C4DEDC /* ProfileModel.m in Sources */,
				933F6CD21FA8A06D005B8305 /* Calculator.m in Sources */,
				93A4ABF91FC5D18C00C47C8D /* GalaxyCollectionViewController.m in Sources */,
				939CB6B71FC82FCB0070F130 /* ImageLoadOperation.m in Sources */,
			);
			runOnlyForDeploymentPostprocessing = 0;
		};
/* End PBXSourcesBuildPhase section */

/* Begin PBXVariantGroup section */
		93BDBB5C1FA33EF900748B5D /* Main.storyboard */ = {
			isa = PBXVariantGroup;
			children = (
				93BDBB5D1FA33EF900748B5D /* Base */,
			);
			name = Main.storyboard;
			sourceTree = "<group>";
		};
		93BDBB611FA33EFA00748B5D /* LaunchScreen.storyboard */ = {
			isa = PBXVariantGroup;
			children = (
				93BDBB621FA33EFA00748B5D /* Base */,
			);
			name = LaunchScreen.storyboard;
			sourceTree = "<group>";
		};
/* End PBXVariantGroup section */

/* Begin XCBuildConfiguration section */
		93BDBB671FA33EFA00748B5D /* Debug */ = {
			isa = XCBuildConfiguration;
			buildSettings = {
				ALWAYS_SEARCH_USER_PATHS = NO;
				CLANG_ANALYZER_NONNULL = YES;
				CLANG_ANALYZER_NUMBER_OBJECT_CONVERSION = YES_AGGRESSIVE;
				CLANG_CXX_LANGUAGE_STANDARD = "gnu++14";
				CLANG_CXX_LIBRARY = "libc++";
				CLANG_ENABLE_MODULES = YES;
				CLANG_ENABLE_OBJC_ARC = YES;
				CLANG_WARN_BLOCK_CAPTURE_AUTORELEASING = YES;
				CLANG_WARN_BOOL_CONVERSION = YES;
				CLANG_WARN_COMMA = YES;
				CLANG_WARN_CONSTANT_CONVERSION = YES;
				CLANG_WARN_DIRECT_OBJC_ISA_USAGE = YES_ERROR;
				CLANG_WARN_DOCUMENTATION_COMMENTS = YES;
				CLANG_WARN_EMPTY_BODY = YES;
				CLANG_WARN_ENUM_CONVERSION = YES;
				CLANG_WARN_INFINITE_RECURSION = YES;
				CLANG_WARN_INT_CONVERSION = YES;
				CLANG_WARN_NON_LITERAL_NULL_CONVERSION = YES;
				CLANG_WARN_OBJC_LITERAL_CONVERSION = YES;
				CLANG_WARN_OBJC_ROOT_CLASS = YES_ERROR;
				CLANG_WARN_RANGE_LOOP_ANALYSIS = YES;
				CLANG_WARN_STRICT_PROTOTYPES = YES;
				CLANG_WARN_SUSPICIOUS_MOVE = YES;
				CLANG_WARN_UNGUARDED_AVAILABILITY = YES_AGGRESSIVE;
				CLANG_WARN_UNREACHABLE_CODE = YES;
				CLANG_WARN__DUPLICATE_METHOD_MATCH = YES;
				CODE_SIGN_IDENTITY = "iPhone Developer";
				COPY_PHASE_STRIP = NO;
				DEBUG_INFORMATION_FORMAT = dwarf;
				ENABLE_STRICT_OBJC_MSGSEND = YES;
				ENABLE_TESTABILITY = YES;
				GCC_C_LANGUAGE_STANDARD = gnu11;
				GCC_DYNAMIC_NO_PIC = NO;
				GCC_NO_COMMON_BLOCKS = YES;
				GCC_OPTIMIZATION_LEVEL = 0;
				GCC_PREPROCESSOR_DEFINITIONS = (
					"DEBUG=1",
					"$(inherited)",
				);
				GCC_WARN_64_TO_32_BIT_CONVERSION = YES;
				GCC_WARN_ABOUT_RETURN_TYPE = YES_ERROR;
				GCC_WARN_UNDECLARED_SELECTOR = YES;
				GCC_WARN_UNINITIALIZED_AUTOS = YES_AGGRESSIVE;
				GCC_WARN_UNUSED_FUNCTION = YES;
				GCC_WARN_UNUSED_VARIABLE = YES;
				IPHONEOS_DEPLOYMENT_TARGET = 11.0;
				MTL_ENABLE_DEBUG_INFO = YES;
				ONLY_ACTIVE_ARCH = YES;
				SDKROOT = iphoneos;
			};
			name = Debug;
		};
		93BDBB681FA33EFA00748B5D /* Release */ = {
			isa = XCBuildConfiguration;
			buildSettings = {
				ALWAYS_SEARCH_USER_PATHS = NO;
				CLANG_ANALYZER_NONNULL = YES;
				CLANG_ANALYZER_NUMBER_OBJECT_CONVERSION = YES_AGGRESSIVE;
				CLANG_CXX_LANGUAGE_STANDARD = "gnu++14";
				CLANG_CXX_LIBRARY = "libc++";
				CLANG_ENABLE_MODULES = YES;
				CLANG_ENABLE_OBJC_ARC = YES;
				CLANG_WARN_BLOCK_CAPTURE_AUTORELEASING = YES;
				CLANG_WARN_BOOL_CONVERSION = YES;
				CLANG_WARN_COMMA = YES;
				CLANG_WARN_CONSTANT_CONVERSION = YES;
				CLANG_WARN_DIRECT_OBJC_ISA_USAGE = YES_ERROR;
				CLANG_WARN_DOCUMENTATION_COMMENTS = YES;
				CLANG_WARN_EMPTY_BODY = YES;
				CLANG_WARN_ENUM_CONVERSION = YES;
				CLANG_WARN_INFINITE_RECURSION = YES;
				CLANG_WARN_INT_CONVERSION = YES;
				CLANG_WARN_NON_LITERAL_NULL_CONVERSION = YES;
				CLANG_WARN_OBJC_LITERAL_CONVERSION = YES;
				CLANG_WARN_OBJC_ROOT_CLASS = YES_ERROR;
				CLANG_WARN_RANGE_LOOP_ANALYSIS = YES;
				CLANG_WARN_STRICT_PROTOTYPES = YES;
				CLANG_WARN_SUSPICIOUS_MOVE = YES;
				CLANG_WARN_UNGUARDED_AVAILABILITY = YES_AGGRESSIVE;
				CLANG_WARN_UNREACHABLE_CODE = YES;
				CLANG_WARN__DUPLICATE_METHOD_MATCH = YES;
				CODE_SIGN_IDENTITY = "iPhone Developer";
				COPY_PHASE_STRIP = NO;
				DEBUG_INFORMATION_FORMAT = "dwarf-with-dsym";
				ENABLE_NS_ASSERTIONS = NO;
				ENABLE_STRICT_OBJC_MSGSEND = YES;
				GCC_C_LANGUAGE_STANDARD = gnu11;
				GCC_NO_COMMON_BLOCKS = YES;
				GCC_WARN_64_TO_32_BIT_CONVERSION = YES;
				GCC_WARN_ABOUT_RETURN_TYPE = YES_ERROR;
				GCC_WARN_UNDECLARED_SELECTOR = YES;
				GCC_WARN_UNINITIALIZED_AUTOS = YES_AGGRESSIVE;
				GCC_WARN_UNUSED_FUNCTION = YES;
				GCC_WARN_UNUSED_VARIABLE = YES;
				IPHONEOS_DEPLOYMENT_TARGET = 11.0;
				MTL_ENABLE_DEBUG_INFO = NO;
				SDKROOT = iphoneos;
				VALIDATE_PRODUCT = YES;
			};
			name = Release;
		};
		93BDBB6A1FA33EFA00748B5D /* Debug */ = {
			isa = XCBuildConfiguration;
			baseConfigurationReference = 3B63A073A05346B33FB80559 /* Pods-CalculatorApp.debug.xcconfig */;
			buildSettings = {
				ASSETCATALOG_COMPILER_APPICON_NAME = AppIcon;
				CLANG_ENABLE_MODULES = YES;
				CODE_SIGN_STYLE = Automatic;
				INFOPLIST_FILE = CalculatorApp/Info.plist;
				LD_RUNPATH_SEARCH_PATHS = "$(inherited) @executable_path/Frameworks";
				PRODUCT_BUNDLE_IDENTIFIER = com.epam.arseniuk.CalculatorApp;
				PRODUCT_NAME = "$(TARGET_NAME)";
				SWIFT_OBJC_BRIDGING_HEADER = "CalculatorApp/CalculatorApp-Bridging-Header.h";
				SWIFT_OPTIMIZATION_LEVEL = "-Onone";
				SWIFT_VERSION = 3.0;
				TARGETED_DEVICE_FAMILY = "1,2";
			};
			name = Debug;
		};
		93BDBB6B1FA33EFA00748B5D /* Release */ = {
			isa = XCBuildConfiguration;
			baseConfigurationReference = BE5A3FB65E48A4C64A2B35B8 /* Pods-CalculatorApp.release.xcconfig */;
			buildSettings = {
				ASSETCATALOG_COMPILER_APPICON_NAME = AppIcon;
				CLANG_ENABLE_MODULES = YES;
				CODE_SIGN_STYLE = Automatic;
				INFOPLIST_FILE = CalculatorApp/Info.plist;
				LD_RUNPATH_SEARCH_PATHS = "$(inherited) @executable_path/Frameworks";
				PRODUCT_BUNDLE_IDENTIFIER = com.epam.arseniuk.CalculatorApp;
				PRODUCT_NAME = "$(TARGET_NAME)";
				SWIFT_OBJC_BRIDGING_HEADER = "CalculatorApp/CalculatorApp-Bridging-Header.h";
				SWIFT_VERSION = 3.0;
				TARGETED_DEVICE_FAMILY = "1,2";
			};
			name = Release;
		};
/* End XCBuildConfiguration section */

/* Begin XCConfigurationList section */
		93BDBB4E1FA33EF800748B5D /* Build configuration list for PBXProject "CalculatorApp" */ = {
			isa = XCConfigurationList;
			buildConfigurations = (
				93BDBB671FA33EFA00748B5D /* Debug */,
				93BDBB681FA33EFA00748B5D /* Release */,
			);
			defaultConfigurationIsVisible = 0;
			defaultConfigurationName = Release;
		};
		93BDBB691FA33EFA00748B5D /* Build configuration list for PBXNativeTarget "CalculatorApp" */ = {
			isa = XCConfigurationList;
			buildConfigurations = (
				93BDBB6A1FA33EFA00748B5D /* Debug */,
				93BDBB6B1FA33EFA00748B5D /* Release */,
			);
			defaultConfigurationIsVisible = 0;
			defaultConfigurationName = Release;
		};
/* End XCConfigurationList section */
	};
	rootObject = 93BDBB4B1FA33EF800748B5D /* Project object */;
}
